
Microsoft Visual Studio Solution File, Format Version 12.00
# Visual Studio Version 16
VisualStudioVersion = 16.0.30114.105
MinimumVisualStudioVersion = 10.0.40219.1
Project("{FAE04EC0-301F-11D3-BF4B-00C04F79EFBC}") = "Dominio", "Dominio\Dominio.csproj", "{FD941B0C-5A2B-468A-B539-6134EBB78665}"
EndProject
Project("{FAE04EC0-301F-11D3-BF4B-00C04F79EFBC}") = "Persistencia", "Persistencia\Persistencia.csproj", "{D2C4F540-F3A7-4E99-9CFB-9BE96F31CBC9}"
EndProject
Project("{FAE04EC0-301F-11D3-BF4B-00C04F79EFBC}") = "Aplicacion", "Aplicacion\Aplicacion.csproj", "{13260469-8478-4804-8568-F850721FABDE}"
EndProject
Global
	GlobalSection(SolutionConfigurationPlatforms) = preSolution
		Debug|Any CPU = Debug|Any CPU
		Debug|x64 = Debug|x64
		Debug|x86 = Debug|x86
		Release|Any CPU = Release|Any CPU
		Release|x64 = Release|x64
		Release|x86 = Release|x86
	EndGlobalSection
	GlobalSection(SolutionProperties) = preSolution
		HideSolutionNode = FALSE
	EndGlobalSection
	GlobalSection(ProjectConfigurationPlatforms) = postSolution
		{FD941B0C-5A2B-468A-B539-6134EBB78665}.Debug|Any CPU.ActiveCfg = Debug|Any CPU
		{FD941B0C-5A2B-468A-B539-6134EBB78665}.Debug|Any CPU.Build.0 = Debug|Any CPU
		{FD941B0C-5A2B-468A-B539-6134EBB78665}.Debug|x64.ActiveCfg = Debug|Any CPU
		{FD941B0C-5A2B-468A-B539-6134EBB78665}.Debug|x64.Build.0 = Debug|Any CPU
		{FD941B0C-5A2B-468A-B539-6134EBB78665}.Debug|x86.ActiveCfg = Debug|Any CPU
		{FD941B0C-5A2B-468A-B539-6134EBB78665}.Debug|x86.Build.0 = Debug|Any CPU
		{FD941B0C-5A2B-468A-B539-6134EBB78665}.Release|Any CPU.ActiveCfg = Release|Any CPU
		{FD941B0C-5A2B-468A-B539-6134EBB78665}.Release|Any CPU.Build.0 = Release|Any CPU
		{FD941B0C-5A2B-468A-B539-6134EBB78665}.Release|x64.ActiveCfg = Release|Any CPU
		{FD941B0C-5A2B-468A-B539-6134EBB78665}.Release|x64.Build.0 = Release|Any CPU
		{FD941B0C-5A2B-468A-B539-6134EBB78665}.Release|x86.ActiveCfg = Release|Any CPU
		{FD941B0C-5A2B-468A-B539-6134EBB78665}.Release|x86.Build.0 = Release|Any CPU
		{D2C4F540-F3A7-4E99-9CFB-9BE96F31CBC9}.Debug|Any CPU.ActiveCfg = Debug|Any CPU
		{D2C4F540-F3A7-4E99-9CFB-9BE96F31CBC9}.Debug|Any CPU.Build.0 = Debug|Any CPU
		{D2C4F540-F3A7-4E99-9CFB-9BE96F31CBC9}.Debug|x64.ActiveCfg = Debug|Any CPU
		{D2C4F540-F3A7-4E99-9CFB-9BE96F31CBC9}.Debug|x64.Build.0 = Debug|Any CPU
		{D2C4F540-F3A7-4E99-9CFB-9BE96F31CBC9}.Debug|x86.ActiveCfg = Debug|Any CPU
		{D2C4F540-F3A7-4E99-9CFB-9BE96F31CBC9}.Debug|x86.Build.0 = Debug|Any CPU
		{D2C4F540-F3A7-4E99-9CFB-9BE96F31CBC9}.Release|Any CPU.ActiveCfg = Release|Any CPU
		{D2C4F540-F3A7-4E99-9CFB-9BE96F31CBC9}.Release|Any CPU.Build.0 = Release|Any CPU
		{D2C4F540-F3A7-4E99-9CFB-9BE96F31CBC9}.Release|x64.ActiveCfg = Release|Any CPU
		{D2C4F540-F3A7-4E99-9CFB-9BE96F31CBC9}.Release|x64.Build.0 = Release|Any CPU
		{D2C4F540-F3A7-4E99-9CFB-9BE96F31CBC9}.Release|x86.ActiveCfg = Release|Any CPU
		{D2C4F540-F3A7-4E99-9CFB-9BE96F31CBC9}.Release|x86.Build.0 = Release|Any CPU
		{13260469-8478-4804-8568-F850721FABDE}.Debug|Any CPU.ActiveCfg = Debug|Any CPU
		{13260469-8478-4804-8568-F850721FABDE}.Debug|Any CPU.Build.0 = Debug|Any CPU
		{13260469-8478-4804-8568-F850721FABDE}.Debug|x64.ActiveCfg = Debug|Any CPU
		{13260469-8478-4804-8568-F850721FABDE}.Debug|x64.Build.0 = Debug|Any CPU
		{13260469-8478-4804-8568-F850721FABDE}.Debug|x86.ActiveCfg = Debug|Any CPU
		{13260469-8478-4804-8568-F850721FABDE}.Debug|x86.Build.0 = Debug|Any CPU
		{13260469-8478-4804-8568-F850721FABDE}.Release|Any CPU.ActiveCfg = Release|Any CPU
		{13260469-8478-4804-8568-F850721FABDE}.Release|Any CPU.Build.0 = Release|Any CPU
		{13260469-8478-4804-8568-F850721FABDE}.Release|x64.ActiveCfg = Release|Any CPU
		{13260469-8478-4804-8568-F850721FABDE}.Release|x64.Build.0 = Release|Any CPU
		{13260469-8478-4804-8568-F850721FABDE}.Release|x86.ActiveCfg = Release|Any CPU
		{13260469-8478-4804-8568-F850721FABDE}.Release|x86.Build.0 = Release|Any CPU
	EndGlobalSection
EndGlobal
